// !$*UTF8*$!
{
	archiveVersion = 1;
	classes = {
	};
	objectVersion = 50;
	objects = {

/* Begin PBXBuildFile section */
		41226FB82087A41700090F74 /* PreviewView.swift in Sources */ = {isa = PBXBuildFile; fileRef = 41226FB52087A41700090F74 /* PreviewView.swift */; };
		41226FBA2087AE8800090F74 /* ResetPasswordViewController.swift in Sources */ = {isa = PBXBuildFile; fileRef = 41226FB92087AE8800090F74 /* ResetPasswordViewController.swift */; };
		416F2E492085ED4E003807D0 /* LoginViewController.swift in Sources */ = {isa = PBXBuildFile; fileRef = 416F2E482085ED4E003807D0 /* LoginViewController.swift */; };
		416F2E4B2085FD78003807D0 /* ConstAlertBox.swift in Sources */ = {isa = PBXBuildFile; fileRef = 416F2E4A2085FD78003807D0 /* ConstAlertBox.swift */; };
		417D640E208C8DF7003DDD85 /* SWRevealViewController.m in Sources */ = {isa = PBXBuildFile; fileRef = 417D640D208C8DF7003DDD85 /* SWRevealViewController.m */; };
		417D6410208CAE21003DDD85 /* MenubarViewController.swift in Sources */ = {isa = PBXBuildFile; fileRef = 417D640F208CAE21003DDD85 /* MenubarViewController.swift */; };
		4190F104208DC0B5005C2FF0 /* TableViewCell.swift in Sources */ = {isa = PBXBuildFile; fileRef = 4190F103208DC0B5005C2FF0 /* TableViewCell.swift */; };
		41A4CE532087476200B12F47 /* Register_ViewController.swift in Sources */ = {isa = PBXBuildFile; fileRef = 41A4CE522087476200B12F47 /* Register_ViewController.swift */; };
		41AD17B4208E2AF500A10CCD /* ProfileViewController.swift in Sources */ = {isa = PBXBuildFile; fileRef = 41AD17B3208E2AF500A10CCD /* ProfileViewController.swift */; };
		41AD17B6208F1D9200A10CCD /* ProfilePage1ViewController.swift in Sources */ = {isa = PBXBuildFile; fileRef = 41AD17B5208F1D9200A10CCD /* ProfilePage1ViewController.swift */; };
		41C57B5320902F9D00331EF3 /* ProfilePage2ViewController.swift in Sources */ = {isa = PBXBuildFile; fileRef = 41C57B5220902F9D00331EF3 /* ProfilePage2ViewController.swift */; };
		41D87B6F2077AD2A003A868C /* AppDelegate.swift in Sources */ = {isa = PBXBuildFile; fileRef = 41D87B6E2077AD2A003A868C /* AppDelegate.swift */; };
		41D87B762077AD2C003A868C /* Assets.xcassets in Resources */ = {isa = PBXBuildFile; fileRef = 41D87B752077AD2C003A868C /* Assets.xcassets */; };
		DD03DE9E21F89D37008F856B /* GoogleService-Info.plist in Resources */ = {isa = PBXBuildFile; fileRef = DD03DE9D21F89D37008F856B /* GoogleService-Info.plist */; };
		DD03DEA021F8AF00008F856B /* ARSceneViewController.swift in Sources */ = {isa = PBXBuildFile; fileRef = DD03DE9F21F8AF00008F856B /* ARSceneViewController.swift */; };
		DD03DEA421F8C0CE008F856B /* itemCell.swift in Sources */ = {isa = PBXBuildFile; fileRef = DD03DEA321F8C0CE008F856B /* itemCell.swift */; };
		DD03DEA621F8C800008F856B /* Models.scnassets in Resources */ = {isa = PBXBuildFile; fileRef = DD03DEA521F8C800008F856B /* Models.scnassets */; };
		DD03DEAA21F9C290008F856B /* Main.storyboard in Resources */ = {isa = PBXBuildFile; fileRef = DD03DEA921F9C290008F856B /* Main.storyboard */; };
		DD150B38221DA3F40072EF9A /* MarketViewController.swift in Sources */ = {isa = PBXBuildFile; fileRef = DD150B37221DA3F40072EF9A /* MarketViewController.swift */; };
		DD150B3A221DA4A10072EF9A /* MarketCollectionViewCell.swift in Sources */ = {isa = PBXBuildFile; fileRef = DD150B39221DA4A10072EF9A /* MarketCollectionViewCell.swift */; };
		DD150B3C221DB44F0072EF9A /* Noti_notificationViewController.swift in Sources */ = {isa = PBXBuildFile; fileRef = DD150B3B221DB44F0072EF9A /* Noti_notificationViewController.swift */; };
		DD150B3E221DB8370072EF9A /* Shared_notificationViewController.swift in Sources */ = {isa = PBXBuildFile; fileRef = DD150B3D221DB8370072EF9A /* Shared_notificationViewController.swift */; };
		DD150B40221E9B160072EF9A /* QrCodeScannerViewController.swift in Sources */ = {isa = PBXBuildFile; fileRef = DD150B3F221E9B160072EF9A /* QrCodeScannerViewController.swift */; };
		DD150B4222200DCB0072EF9A /* DetailViewController.swift in Sources */ = {isa = PBXBuildFile; fileRef = DD150B4122200DCA0072EF9A /* DetailViewController.swift */; };
		DD17E5F5221C4D7B00C4CC06 /* LaunchScreenViewController.swift in Sources */ = {isa = PBXBuildFile; fileRef = DD17E5F4221C4D7A00C4CC06 /* LaunchScreenViewController.swift */; };
		DD1BE43B21E0B9C7000C97EA /* PostTableViewCell.swift in Sources */ = {isa = PBXBuildFile; fileRef = DD1BE43921E0B9C7000C97EA /* PostTableViewCell.swift */; };
		DD1BE43C21E0B9C7000C97EA /* PostTableViewCell.xib in Resources */ = {isa = PBXBuildFile; fileRef = DD1BE43A21E0B9C7000C97EA /* PostTableViewCell.xib */; };
		DD34573920B2C667006CAA32 /* LaunchScreen.storyboard in Resources */ = {isa = PBXBuildFile; fileRef = DD34573620B2C667006CAA32 /* LaunchScreen.storyboard */; };
		DD399D362202CFFC00028C03 /* ARPlayGameViewController.swift in Sources */ = {isa = PBXBuildFile; fileRef = DD399D352202CFFC00028C03 /* ARPlayGameViewController.swift */; };
		DD399DAE220432AE00028C03 /* mapkitScaeneViewController.swift in Sources */ = {isa = PBXBuildFile; fileRef = DD399DAD220432AE00028C03 /* mapkitScaeneViewController.swift */; };
		DD399DB42204920400028C03 /* sound.mp4 in Resources */ = {isa = PBXBuildFile; fileRef = DD399DB32204920400028C03 /* sound.mp4 */; };
		DD399DB62205A0A800028C03 /* shopSceneViewController.swift in Sources */ = {isa = PBXBuildFile; fileRef = DD399DB52205A0A800028C03 /* shopSceneViewController.swift */; };
		DD399DB82205A3A700028C03 /* shopCollectionViewCell.swift in Sources */ = {isa = PBXBuildFile; fileRef = DD399DB72205A3A700028C03 /* shopCollectionViewCell.swift */; };
		DD399DBA2205B10700028C03 /* NotificationViewController.swift in Sources */ = {isa = PBXBuildFile; fileRef = DD399DB92205B10700028C03 /* NotificationViewController.swift */; };
		DD399DBD2205BBDE00028C03 /* NoitificationTableViewCell.swift in Sources */ = {isa = PBXBuildFile; fileRef = DD399DBB2205BBDD00028C03 /* NoitificationTableViewCell.swift */; };
		DD399DBE2205BBDE00028C03 /* NoitificationTableViewCell.xib in Resources */ = {isa = PBXBuildFile; fileRef = DD399DBC2205BBDD00028C03 /* NoitificationTableViewCell.xib */; };
		DD399DD42208361100028C03 /* ProfileSceneViewController.swift in Sources */ = {isa = PBXBuildFile; fileRef = DD399DD32208361100028C03 /* ProfileSceneViewController.swift */; };
		DD399DD62208366F00028C03 /* ProfileTableViewCell.swift in Sources */ = {isa = PBXBuildFile; fileRef = DD399DD52208366E00028C03 /* ProfileTableViewCell.swift */; };
		DD399DD922084EBD00028C03 /* ProfileCustomTableViewCell.swift in Sources */ = {isa = PBXBuildFile; fileRef = DD399DD722084EBD00028C03 /* ProfileCustomTableViewCell.swift */; };
		DD399DDA22084EBD00028C03 /* ProfileCustomTableViewCell.xib in Resources */ = {isa = PBXBuildFile; fileRef = DD399DD822084EBD00028C03 /* ProfileCustomTableViewCell.xib */; };
		DD399DDD2209E39A00028C03 /* PostImageableViewCell.swift in Sources */ = {isa = PBXBuildFile; fileRef = DD399DDB2209E39900028C03 /* PostImageableViewCell.swift */; };
		DD399DDE2209E39A00028C03 /* PostImageableViewCell.xib in Resources */ = {isa = PBXBuildFile; fileRef = DD399DDC2209E39A00028C03 /* PostImageableViewCell.xib */; };
		DD4B515B220B023D00F929E0 /* WritePostViewController.swift in Sources */ = {isa = PBXBuildFile; fileRef = DD4B515A220B023D00F929E0 /* WritePostViewController.swift */; };
		DD4B515D220C21CE00F929E0 /* PostData.swift in Sources */ = {isa = PBXBuildFile; fileRef = DD4B515C220C21CE00F929E0 /* PostData.swift */; };
		DD51ACE4216DCD57009F2472 /* data.json in Resources */ = {isa = PBXBuildFile; fileRef = DD51ACE3216DCD57009F2472 /* data.json */; };
		DD8A093C22477B2F005ABFC4 /* YBAlertController.swift in Sources */ = {isa = PBXBuildFile; fileRef = DD8A093B22477B2F005ABFC4 /* YBAlertController.swift */; };
		DDA941DD216DBDA5002FC154 /* RegisterTableviewController.swift in Sources */ = {isa = PBXBuildFile; fileRef = DDA941DC216DBDA5002FC154 /* RegisterTableviewController.swift */; };
		DDC59E5521E759F900F653B4 /* FeedViewController.swift in Sources */ = {isa = PBXBuildFile; fileRef = DDC59E5421E759F900F653B4 /* FeedViewController.swift */; };
		EE7175F49A26BD897C48E53D /* Pods_U_CITY.framework in Frameworks */ = {isa = PBXBuildFile; fileRef = DAC7F36CE3B686BA08E4092F /* Pods_U_CITY.framework */; };
/* End PBXBuildFile section */

/* Begin PBXCopyFilesBuildPhase section */
		DD838AAF21BAC0F8004F70AB /* Embed App Extensions */ = {
			isa = PBXCopyFilesBuildPhase;
			buildActionMask = 2147483647;
			dstPath = "";
			dstSubfolderSpec = 13;
			files = (
			);
			name = "Embed App Extensions";
			runOnlyForDeploymentPostprocessing = 0;
		};
/* End PBXCopyFilesBuildPhase section */

/* Begin PBXFileReference section */
		41226FB52087A41700090F74 /* PreviewView.swift */ = {isa = PBXFileReference; fileEncoding = 4; lastKnownFileType = sourcecode.swift; name = PreviewView.swift; path = "AVCam-iOSUsingAVFoundationtoCaptureImagesandMovies/Swift/AVCam/PreviewView.swift"; sourceTree = SOURCE_ROOT; };
		41226FB92087AE8800090F74 /* ResetPasswordViewController.swift */ = {isa = PBXFileReference; lastKnownFileType = sourcecode.swift; path = ResetPasswordViewController.swift; sourceTree = "<group>"; };
		416F2E482085ED4E003807D0 /* LoginViewController.swift */ = {isa = PBXFileReference; lastKnownFileType = sourcecode.swift; path = LoginViewController.swift; sourceTree = "<group>"; };
		416F2E4A2085FD78003807D0 /* ConstAlertBox.swift */ = {isa = PBXFileReference; lastKnownFileType = sourcecode.swift; path = ConstAlertBox.swift; sourceTree = "<group>"; };
		417D640B208C8DF6003DDD85 /* U-CITY-Bridging-Header.h */ = {isa = PBXFileReference; lastKnownFileType = sourcecode.c.h; path = "U-CITY-Bridging-Header.h"; sourceTree = "<group>"; };
		417D640C208C8DF7003DDD85 /* SWRevealViewController.h */ = {isa = PBXFileReference; fileEncoding = 4; lastKnownFileType = sourcecode.c.h; path = SWRevealViewController.h; sourceTree = "<group>"; };
		417D640D208C8DF7003DDD85 /* SWRevealViewController.m */ = {isa = PBXFileReference; fileEncoding = 4; lastKnownFileType = sourcecode.c.objc; path = SWRevealViewController.m; sourceTree = "<group>"; };
		417D640F208CAE21003DDD85 /* MenubarViewController.swift */ = {isa = PBXFileReference; lastKnownFileType = sourcecode.swift; path = MenubarViewController.swift; sourceTree = "<group>"; };
		4190F103208DC0B5005C2FF0 /* TableViewCell.swift */ = {isa = PBXFileReference; lastKnownFileType = sourcecode.swift; path = TableViewCell.swift; sourceTree = "<group>"; };
		41A4CE522087476200B12F47 /* Register_ViewController.swift */ = {isa = PBXFileReference; lastKnownFileType = sourcecode.swift; path = Register_ViewController.swift; sourceTree = "<group>"; };
		41AD17B3208E2AF500A10CCD /* ProfileViewController.swift */ = {isa = PBXFileReference; lastKnownFileType = sourcecode.swift; path = ProfileViewController.swift; sourceTree = "<group>"; };
		41AD17B5208F1D9200A10CCD /* ProfilePage1ViewController.swift */ = {isa = PBXFileReference; lastKnownFileType = sourcecode.swift; path = ProfilePage1ViewController.swift; sourceTree = "<group>"; };
		41C57B5220902F9D00331EF3 /* ProfilePage2ViewController.swift */ = {isa = PBXFileReference; lastKnownFileType = sourcecode.swift; path = ProfilePage2ViewController.swift; sourceTree = "<group>"; };
		41D87B6B2077AD2A003A868C /* U-CITY.app */ = {isa = PBXFileReference; explicitFileType = wrapper.application; includeInIndex = 0; path = "U-CITY.app"; sourceTree = BUILT_PRODUCTS_DIR; };
		41D87B6E2077AD2A003A868C /* AppDelegate.swift */ = {isa = PBXFileReference; lastKnownFileType = sourcecode.swift; path = AppDelegate.swift; sourceTree = "<group>"; };
		41D87B752077AD2C003A868C /* Assets.xcassets */ = {isa = PBXFileReference; lastKnownFileType = folder.assetcatalog; path = Assets.xcassets; sourceTree = "<group>"; };
		41D87B7A2077AD2C003A868C /* Info.plist */ = {isa = PBXFileReference; lastKnownFileType = text.plist.xml; path = Info.plist; sourceTree = "<group>"; };
		DAC7F36CE3B686BA08E4092F /* Pods_U_CITY.framework */ = {isa = PBXFileReference; explicitFileType = wrapper.framework; includeInIndex = 0; path = Pods_U_CITY.framework; sourceTree = BUILT_PRODUCTS_DIR; };
		DD03DE9D21F89D37008F856B /* GoogleService-Info.plist */ = {isa = PBXFileReference; fileEncoding = 4; lastKnownFileType = text.plist.xml; path = "GoogleService-Info.plist"; sourceTree = SOURCE_ROOT; };
		DD03DE9F21F8AF00008F856B /* ARSceneViewController.swift */ = {isa = PBXFileReference; lastKnownFileType = sourcecode.swift; path = ARSceneViewController.swift; sourceTree = "<group>"; };
		DD03DEA321F8C0CE008F856B /* itemCell.swift */ = {isa = PBXFileReference; lastKnownFileType = sourcecode.swift; path = itemCell.swift; sourceTree = "<group>"; };
		DD03DEA521F8C800008F856B /* Models.scnassets */ = {isa = PBXFileReference; lastKnownFileType = wrapper.scnassets; path = Models.scnassets; sourceTree = "<group>"; };
		DD03DEA921F9C290008F856B /* Main.storyboard */ = {isa = PBXFileReference; fileEncoding = 4; lastKnownFileType = file.storyboard; path = Main.storyboard; sourceTree = "<group>"; };
		DD150B37221DA3F40072EF9A /* MarketViewController.swift */ = {isa = PBXFileReference; lastKnownFileType = sourcecode.swift; path = MarketViewController.swift; sourceTree = "<group>"; };
		DD150B39221DA4A10072EF9A /* MarketCollectionViewCell.swift */ = {isa = PBXFileReference; lastKnownFileType = sourcecode.swift; path = MarketCollectionViewCell.swift; sourceTree = "<group>"; };
		DD150B3B221DB44F0072EF9A /* Noti_notificationViewController.swift */ = {isa = PBXFileReference; lastKnownFileType = sourcecode.swift; path = Noti_notificationViewController.swift; sourceTree = "<group>"; };
		DD150B3D221DB8370072EF9A /* Shared_notificationViewController.swift */ = {isa = PBXFileReference; lastKnownFileType = sourcecode.swift; path = Shared_notificationViewController.swift; sourceTree = "<group>"; };
		DD150B3F221E9B160072EF9A /* QrCodeScannerViewController.swift */ = {isa = PBXFileReference; lastKnownFileType = sourcecode.swift; path = QrCodeScannerViewController.swift; sourceTree = "<group>"; };
		DD150B4122200DCA0072EF9A /* DetailViewController.swift */ = {isa = PBXFileReference; lastKnownFileType = sourcecode.swift; path = DetailViewController.swift; sourceTree = "<group>"; };
		DD17E5F4221C4D7A00C4CC06 /* LaunchScreenViewController.swift */ = {isa = PBXFileReference; lastKnownFileType = sourcecode.swift; path = LaunchScreenViewController.swift; sourceTree = "<group>"; };
		DD1BE43921E0B9C7000C97EA /* PostTableViewCell.swift */ = {isa = PBXFileReference; lastKnownFileType = sourcecode.swift; path = PostTableViewCell.swift; sourceTree = "<group>"; };
		DD1BE43A21E0B9C7000C97EA /* PostTableViewCell.xib */ = {isa = PBXFileReference; lastKnownFileType = file.xib; path = PostTableViewCell.xib; sourceTree = "<group>"; };
		DD34573720B2C667006CAA32 /* Base */ = {isa = PBXFileReference; lastKnownFileType = file.storyboard; name = Base; path = Base.lproj/LaunchScreen.storyboard; sourceTree = "<group>"; };
		DD399D352202CFFC00028C03 /* ARPlayGameViewController.swift */ = {isa = PBXFileReference; lastKnownFileType = sourcecode.swift; path = ARPlayGameViewController.swift; sourceTree = "<group>"; };
		DD399DAD220432AE00028C03 /* mapkitScaeneViewController.swift */ = {isa = PBXFileReference; lastKnownFileType = sourcecode.swift; path = mapkitScaeneViewController.swift; sourceTree = "<group>"; };
		DD399DB32204920400028C03 /* sound.mp4 */ = {isa = PBXFileReference; lastKnownFileType = file; path = sound.mp4; sourceTree = "<group>"; };
		DD399DB52205A0A800028C03 /* shopSceneViewController.swift */ = {isa = PBXFileReference; lastKnownFileType = sourcecode.swift; path = shopSceneViewController.swift; sourceTree = "<group>"; };
		DD399DB72205A3A700028C03 /* shopCollectionViewCell.swift */ = {isa = PBXFileReference; lastKnownFileType = sourcecode.swift; path = shopCollectionViewCell.swift; sourceTree = "<group>"; };
		DD399DB92205B10700028C03 /* NotificationViewController.swift */ = {isa = PBXFileReference; lastKnownFileType = sourcecode.swift; path = NotificationViewController.swift; sourceTree = "<group>"; };
		DD399DBB2205BBDD00028C03 /* NoitificationTableViewCell.swift */ = {isa = PBXFileReference; lastKnownFileType = sourcecode.swift; path = NoitificationTableViewCell.swift; sourceTree = "<group>"; };
		DD399DBC2205BBDD00028C03 /* NoitificationTableViewCell.xib */ = {isa = PBXFileReference; lastKnownFileType = file.xib; path = NoitificationTableViewCell.xib; sourceTree = "<group>"; };
		DD399DD32208361100028C03 /* ProfileSceneViewController.swift */ = {isa = PBXFileReference; lastKnownFileType = sourcecode.swift; path = ProfileSceneViewController.swift; sourceTree = "<group>"; };
		DD399DD52208366E00028C03 /* ProfileTableViewCell.swift */ = {isa = PBXFileReference; lastKnownFileType = sourcecode.swift; path = ProfileTableViewCell.swift; sourceTree = "<group>"; };
		DD399DD722084EBD00028C03 /* ProfileCustomTableViewCell.swift */ = {isa = PBXFileReference; lastKnownFileType = sourcecode.swift; path = ProfileCustomTableViewCell.swift; sourceTree = "<group>"; };
		DD399DD822084EBD00028C03 /* ProfileCustomTableViewCell.xib */ = {isa = PBXFileReference; lastKnownFileType = file.xib; path = ProfileCustomTableViewCell.xib; sourceTree = "<group>"; };
		DD399DDB2209E39900028C03 /* PostImageableViewCell.swift */ = {isa = PBXFileReference; lastKnownFileType = sourcecode.swift; path = PostImageableViewCell.swift; sourceTree = "<group>"; };
		DD399DDC2209E39A00028C03 /* PostImageableViewCell.xib */ = {isa = PBXFileReference; lastKnownFileType = file.xib; path = PostImageableViewCell.xib; sourceTree = "<group>"; };
		DD4B515A220B023D00F929E0 /* WritePostViewController.swift */ = {isa = PBXFileReference; lastKnownFileType = sourcecode.swift; path = WritePostViewController.swift; sourceTree = "<group>"; };
		DD4B515C220C21CE00F929E0 /* PostData.swift */ = {isa = PBXFileReference; lastKnownFileType = sourcecode.swift; path = PostData.swift; sourceTree = "<group>"; };
		DD51ACE3216DCD57009F2472 /* data.json */ = {isa = PBXFileReference; lastKnownFileType = text.json; path = data.json; sourceTree = "<group>"; };
		DD838A9E21BAC0F8004F70AB /* UserNotifications.framework */ = {isa = PBXFileReference; lastKnownFileType = wrapper.framework; name = UserNotifications.framework; path = System/Library/Frameworks/UserNotifications.framework; sourceTree = SDKROOT; };
		DD838AA021BAC0F8004F70AB /* UserNotificationsUI.framework */ = {isa = PBXFileReference; lastKnownFileType = wrapper.framework; name = UserNotificationsUI.framework; path = System/Library/Frameworks/UserNotificationsUI.framework; sourceTree = SDKROOT; };
		DD8A093B22477B2F005ABFC4 /* YBAlertController.swift */ = {isa = PBXFileReference; lastKnownFileType = sourcecode.swift; path = YBAlertController.swift; sourceTree = "<group>"; };
		DDA941DC216DBDA5002FC154 /* RegisterTableviewController.swift */ = {isa = PBXFileReference; lastKnownFileType = sourcecode.swift; path = RegisterTableviewController.swift; sourceTree = "<group>"; };
		DDC59E5421E759F900F653B4 /* FeedViewController.swift */ = {isa = PBXFileReference; lastKnownFileType = sourcecode.swift; path = FeedViewController.swift; sourceTree = "<group>"; };
		F7BB698F4E3855CFD011D0A4 /* Pods-U-CITY.debug.xcconfig */ = {isa = PBXFileReference; includeInIndex = 1; lastKnownFileType = text.xcconfig; name = "Pods-U-CITY.debug.xcconfig"; path = "Pods/Target Support Files/Pods-U-CITY/Pods-U-CITY.debug.xcconfig"; sourceTree = "<group>"; };
		FFB2C202118B47833F0870A2 /* Pods-U-CITY.release.xcconfig */ = {isa = PBXFileReference; includeInIndex = 1; lastKnownFileType = text.xcconfig; name = "Pods-U-CITY.release.xcconfig"; path = "Pods/Target Support Files/Pods-U-CITY/Pods-U-CITY.release.xcconfig"; sourceTree = "<group>"; };
/* End PBXFileReference section */

/* Begin PBXFrameworksBuildPhase section */
		41D87B682077AD2A003A868C /* Frameworks */ = {
			isa = PBXFrameworksBuildPhase;
			buildActionMask = 2147483647;
			files = (
				EE7175F49A26BD897C48E53D /* Pods_U_CITY.framework in Frameworks */,
			);
			runOnlyForDeploymentPostprocessing = 0;
		};
/* End PBXFrameworksBuildPhase section */

/* Begin PBXGroup section */
		41D87B622077AD2A003A868C = {
			isa = PBXGroup;
			children = (
				41D87B6D2077AD2A003A868C /* U-CITY */,
				41D87B6C2077AD2A003A868C /* Products */,
				C4D574879BEB90EA4B64F960 /* Pods */,
				CAA302C90064C822B8900D76 /* Frameworks */,
			);
			sourceTree = "<group>";
		};
		41D87B6C2077AD2A003A868C /* Products */ = {
			isa = PBXGroup;
			children = (
				41D87B6B2077AD2A003A868C /* U-CITY.app */,
			);
			name = Products;
			sourceTree = "<group>";
		};
		41D87B6D2077AD2A003A868C /* U-CITY */ = {
			isa = PBXGroup;
			children = (
				DD51ACE3216DCD57009F2472 /* data.json */,
				41D87B6E2077AD2A003A868C /* AppDelegate.swift */,
				DD399DAD220432AE00028C03 /* mapkitScaeneViewController.swift */,
				DD399DD32208361100028C03 /* ProfileSceneViewController.swift */,
				DD399DB92205B10700028C03 /* NotificationViewController.swift */,
				DD399DBB2205BBDD00028C03 /* NoitificationTableViewCell.swift */,
				DD399DBC2205BBDD00028C03 /* NoitificationTableViewCell.xib */,
				DD399DD722084EBD00028C03 /* ProfileCustomTableViewCell.swift */,
				DD150B3B221DB44F0072EF9A /* Noti_notificationViewController.swift */,
				DD150B3D221DB8370072EF9A /* Shared_notificationViewController.swift */,
				DD399DD822084EBD00028C03 /* ProfileCustomTableViewCell.xib */,
				DD8A093B22477B2F005ABFC4 /* YBAlertController.swift */,
				DD399DD52208366E00028C03 /* ProfileTableViewCell.swift */,
				41D87B752077AD2C003A868C /* Assets.xcassets */,
				DD399DDB2209E39900028C03 /* PostImageableViewCell.swift */,
				DD399DDC2209E39A00028C03 /* PostImageableViewCell.xib */,
				DD34573620B2C667006CAA32 /* LaunchScreen.storyboard */,
				DD03DE9F21F8AF00008F856B /* ARSceneViewController.swift */,
				DD399DB32204920400028C03 /* sound.mp4 */,
				DD399D352202CFFC00028C03 /* ARPlayGameViewController.swift */,
				DD17E5F4221C4D7A00C4CC06 /* LaunchScreenViewController.swift */,
				DD399DB52205A0A800028C03 /* shopSceneViewController.swift */,
				DD150B4122200DCA0072EF9A /* DetailViewController.swift */,
				DD399DB72205A3A700028C03 /* shopCollectionViewCell.swift */,
				DD150B39221DA4A10072EF9A /* MarketCollectionViewCell.swift */,
				DD150B37221DA3F40072EF9A /* MarketViewController.swift */,
				DD150B3F221E9B160072EF9A /* QrCodeScannerViewController.swift */,
				DD03DEA321F8C0CE008F856B /* itemCell.swift */,
				DD1BE43921E0B9C7000C97EA /* PostTableViewCell.swift */,
				DDC59E5421E759F900F653B4 /* FeedViewController.swift */,
				DD4B515C220C21CE00F929E0 /* PostData.swift */,
				DD03DEA921F9C290008F856B /* Main.storyboard */,
				DD03DE9D21F89D37008F856B /* GoogleService-Info.plist */,
				DD1BE43A21E0B9C7000C97EA /* PostTableViewCell.xib */,
				DD03DEA521F8C800008F856B /* Models.scnassets */,
				41D87B7A2077AD2C003A868C /* Info.plist */,
				416F2E482085ED4E003807D0 /* LoginViewController.swift */,
				417D640C208C8DF7003DDD85 /* SWRevealViewController.h */,
				417D640D208C8DF7003DDD85 /* SWRevealViewController.m */,
				417D640B208C8DF6003DDD85 /* U-CITY-Bridging-Header.h */,
				416F2E4A2085FD78003807D0 /* ConstAlertBox.swift */,
				41226FB52087A41700090F74 /* PreviewView.swift */,
				41226FB92087AE8800090F74 /* ResetPasswordViewController.swift */,
				DD4B515A220B023D00F929E0 /* WritePostViewController.swift */,
				41A4CE522087476200B12F47 /* Register_ViewController.swift */,
				417D640F208CAE21003DDD85 /* MenubarViewController.swift */,
				4190F103208DC0B5005C2FF0 /* TableViewCell.swift */,
				41AD17B3208E2AF500A10CCD /* ProfileViewController.swift */,
				41AD17B5208F1D9200A10CCD /* ProfilePage1ViewController.swift */,
				41C57B5220902F9D00331EF3 /* ProfilePage2ViewController.swift */,
				DDA941DC216DBDA5002FC154 /* RegisterTableviewController.swift */,
			);
			path = "U-CITY";
			sourceTree = "<group>";
		};
		C4D574879BEB90EA4B64F960 /* Pods */ = {
			isa = PBXGroup;
			children = (
				F7BB698F4E3855CFD011D0A4 /* Pods-U-CITY.debug.xcconfig */,
				FFB2C202118B47833F0870A2 /* Pods-U-CITY.release.xcconfig */,
			);
			name = Pods;
			sourceTree = "<group>";
		};
		CAA302C90064C822B8900D76 /* Frameworks */ = {
			isa = PBXGroup;
			children = (
				DAC7F36CE3B686BA08E4092F /* Pods_U_CITY.framework */,
				DD838A9E21BAC0F8004F70AB /* UserNotifications.framework */,
				DD838AA021BAC0F8004F70AB /* UserNotificationsUI.framework */,
			);
			name = Frameworks;
			sourceTree = "<group>";
		};
/* End PBXGroup section */

/* Begin PBXNativeTarget section */
		41D87B6A2077AD2A003A868C /* U-CITY */ = {
			isa = PBXNativeTarget;
			buildConfigurationList = 41D87B7D2077AD2C003A868C /* Build configuration list for PBXNativeTarget "U-CITY" */;
			buildPhases = (
				EB5A27801CAA589EBA23F12B /* [CP] Check Pods Manifest.lock */,
				41D87B672077AD2A003A868C /* Sources */,
				41D87B682077AD2A003A868C /* Frameworks */,
				41D87B692077AD2A003A868C /* Resources */,
				919301505D24C84D51A32A36 /* [CP] Embed Pods Frameworks */,
				509CDB1CD495CA308ED9CBB5 /* [CP] Copy Pods Resources */,
				DD838AAF21BAC0F8004F70AB /* Embed App Extensions */,
			);
			buildRules = (
			);
			dependencies = (
			);
			name = "U-CITY";
			productName = "U-CITY";
			productReference = 41D87B6B2077AD2A003A868C /* U-CITY.app */;
			productType = "com.apple.product-type.application";
		};
/* End PBXNativeTarget section */

/* Begin PBXProject section */
		41D87B632077AD2A003A868C /* Project object */ = {
			isa = PBXProject;
			attributes = {
				LastSwiftUpdateCheck = 1010;
				LastUpgradeCheck = 0930;
				ORGANIZATIONNAME = semon12694;
				TargetAttributes = {
					41D87B6A2077AD2A003A868C = {
						CreatedOnToolsVersion = 9.3;
						LastSwiftMigration = 0930;
						SystemCapabilities = {
							com.apple.BackgroundModes = {
								enabled = 1;
							};
						};
					};
				};
			};
			buildConfigurationList = 41D87B662077AD2A003A868C /* Build configuration list for PBXProject "U-CITY" */;
			compatibilityVersion = "Xcode 9.3";
			developmentRegion = en;
			hasScannedForEncodings = 0;
			knownRegions = (
				en,
				Base,
			);
			mainGroup = 41D87B622077AD2A003A868C;
			productRefGroup = 41D87B6C2077AD2A003A868C /* Products */;
			projectDirPath = "";
			projectRoot = "";
			targets = (
				41D87B6A2077AD2A003A868C /* U-CITY */,
			);
		};
/* End PBXProject section */

/* Begin PBXResourcesBuildPhase section */
		41D87B692077AD2A003A868C /* Resources */ = {
			isa = PBXResourcesBuildPhase;
			buildActionMask = 2147483647;
			files = (
				DD03DEAA21F9C290008F856B /* Main.storyboard in Resources */,
				DD399DBE2205BBDE00028C03 /* NoitificationTableViewCell.xib in Resources */,
				DD399DDA22084EBD00028C03 /* ProfileCustomTableViewCell.xib in Resources */,
				DD34573920B2C667006CAA32 /* LaunchScreen.storyboard in Resources */,
				DD51ACE4216DCD57009F2472 /* data.json in Resources */,
				DD399DDE2209E39A00028C03 /* PostImageableViewCell.xib in Resources */,
				DD1BE43C21E0B9C7000C97EA /* PostTableViewCell.xib in Resources */,
				41D87B762077AD2C003A868C /* Assets.xcassets in Resources */,
				DD399DB42204920400028C03 /* sound.mp4 in Resources */,
				DD03DE9E21F89D37008F856B /* GoogleService-Info.plist in Resources */,
				DD03DEA621F8C800008F856B /* Models.scnassets in Resources */,
			);
			runOnlyForDeploymentPostprocessing = 0;
		};
/* End PBXResourcesBuildPhase section */

/* Begin PBXShellScriptBuildPhase section */
		509CDB1CD495CA308ED9CBB5 /* [CP] Copy Pods Resources */ = {
			isa = PBXShellScriptBuildPhase;
			buildActionMask = 2147483647;
			files = (
			);
			inputPaths = (
				"${SRCROOT}/Pods/Target Support Files/Pods-U-CITY/Pods-U-CITY-resources.sh",
				"${PODS_ROOT}/GoogleSignIn/Resources/GoogleSignIn.bundle",
			);
			name = "[CP] Copy Pods Resources";
			outputPaths = (
				"${TARGET_BUILD_DIR}/${UNLOCALIZED_RESOURCES_FOLDER_PATH}/GoogleSignIn.bundle",
			);
			runOnlyForDeploymentPostprocessing = 0;
			shellPath = /bin/sh;
			shellScript = "\"${SRCROOT}/Pods/Target Support Files/Pods-U-CITY/Pods-U-CITY-resources.sh\"\n";
			showEnvVarsInLog = 0;
		};
		919301505D24C84D51A32A36 /* [CP] Embed Pods Frameworks */ = {
			isa = PBXShellScriptBuildPhase;
			buildActionMask = 2147483647;
			files = (
			);
			inputPaths = (
				"${SRCROOT}/Pods/Target Support Files/Pods-U-CITY/Pods-U-CITY-frameworks.sh",
				"${BUILT_PRODUCTS_DIR}/Bolts/Bolts.framework",
				"${BUILT_PRODUCTS_DIR}/FBSDKCoreKit/FBSDKCoreKit.framework",
				"${BUILT_PRODUCTS_DIR}/FBSDKLoginKit/FBSDKLoginKit.framework",
				"${BUILT_PRODUCTS_DIR}/GTMOAuth2/GTMOAuth2.framework",
				"${BUILT_PRODUCTS_DIR}/GTMSessionFetcher/GTMSessionFetcher.framework",
				"${BUILT_PRODUCTS_DIR}/GoogleToolboxForMac/GoogleToolboxForMac.framework",
				"${BUILT_PRODUCTS_DIR}/Kingfisher/Kingfisher.framework",
				"${BUILT_PRODUCTS_DIR}/MDFInternationalization/MDFInternationalization.framework",
				"${BUILT_PRODUCTS_DIR}/MDFTextAccessibility/MDFTextAccessibility.framework",
				"${BUILT_PRODUCTS_DIR}/MaterialComponents/MaterialComponents.framework",
				"${BUILT_PRODUCTS_DIR}/Protobuf/Protobuf.framework",
				"${BUILT_PRODUCTS_DIR}/leveldb-library/leveldb.framework",
				"${BUILT_PRODUCTS_DIR}/nanopb/nanopb.framework",
			);
			name = "[CP] Embed Pods Frameworks";
			outputPaths = (
				"${TARGET_BUILD_DIR}/${FRAMEWORKS_FOLDER_PATH}/Bolts.framework",
				"${TARGET_BUILD_DIR}/${FRAMEWORKS_FOLDER_PATH}/FBSDKCoreKit.framework",
				"${TARGET_BUILD_DIR}/${FRAMEWORKS_FOLDER_PATH}/FBSDKLoginKit.framework",
				"${TARGET_BUILD_DIR}/${FRAMEWORKS_FOLDER_PATH}/GTMOAuth2.framework",
				"${TARGET_BUILD_DIR}/${FRAMEWORKS_FOLDER_PATH}/GTMSessionFetcher.framework",
				"${TARGET_BUILD_DIR}/${FRAMEWORKS_FOLDER_PATH}/GoogleToolboxForMac.framework",
				"${TARGET_BUILD_DIR}/${FRAMEWORKS_FOLDER_PATH}/Kingfisher.framework",
				"${TARGET_BUILD_DIR}/${FRAMEWORKS_FOLDER_PATH}/MDFInternationalization.framework",
				"${TARGET_BUILD_DIR}/${FRAMEWORKS_FOLDER_PATH}/MDFTextAccessibility.framework",
				"${TARGET_BUILD_DIR}/${FRAMEWORKS_FOLDER_PATH}/MaterialComponents.framework",
				"${TARGET_BUILD_DIR}/${FRAMEWORKS_FOLDER_PATH}/Protobuf.framework",
				"${TARGET_BUILD_DIR}/${FRAMEWORKS_FOLDER_PATH}/leveldb.framework",
				"${TARGET_BUILD_DIR}/${FRAMEWORKS_FOLDER_PATH}/nanopb.framework",
			);
			runOnlyForDeploymentPostprocessing = 0;
			shellPath = /bin/sh;
			shellScript = "\"${SRCROOT}/Pods/Target Support Files/Pods-U-CITY/Pods-U-CITY-frameworks.sh\"\n";
			showEnvVarsInLog = 0;
		};
		EB5A27801CAA589EBA23F12B /* [CP] Check Pods Manifest.lock */ = {
			isa = PBXShellScriptBuildPhase;
			buildActionMask = 2147483647;
			files = (
			);
			inputPaths = (
				"${PODS_PODFILE_DIR_PATH}/Podfile.lock",
				"${PODS_ROOT}/Manifest.lock",
			);
			name = "[CP] Check Pods Manifest.lock";
			outputPaths = (
				"$(DERIVED_FILE_DIR)/Pods-U-CITY-checkManifestLockResult.txt",
			);
			runOnlyForDeploymentPostprocessing = 0;
			shellPath = /bin/sh;
			shellScript = "diff \"${PODS_PODFILE_DIR_PATH}/Podfile.lock\" \"${PODS_ROOT}/Manifest.lock\" > /dev/null\nif [ $? != 0 ] ; then\n    # print error to STDERR\n    echo \"error: The sandbox is not in sync with the Podfile.lock. Run 'pod install' or update your CocoaPods installation.\" >&2\n    exit 1\nfi\n# This output is used by Xcode 'outputs' to avoid re-running this script phase.\necho \"SUCCESS\" > \"${SCRIPT_OUTPUT_FILE_0}\"\n";
			showEnvVarsInLog = 0;
		};
/* End PBXShellScriptBuildPhase section */

/* Begin PBXSourcesBuildPhase section */
		41D87B672077AD2A003A868C /* Sources */ = {
			isa = PBXSourcesBuildPhase;
			buildActionMask = 2147483647;
			files = (
				416F2E492085ED4E003807D0 /* LoginViewController.swift in Sources */,
				DD399DD922084EBD00028C03 /* ProfileCustomTableViewCell.swift in Sources */,
				DD1BE43B21E0B9C7000C97EA /* PostTableViewCell.swift in Sources */,
				DD4B515D220C21CE00F929E0 /* PostData.swift in Sources */,
				DD8A093C22477B2F005ABFC4 /* YBAlertController.swift in Sources */,
				DD150B3A221DA4A10072EF9A /* MarketCollectionViewCell.swift in Sources */,
				41226FB82087A41700090F74 /* PreviewView.swift in Sources */,
				DD399D362202CFFC00028C03 /* ARPlayGameViewController.swift in Sources */,
				DD399DB82205A3A700028C03 /* shopCollectionViewCell.swift in Sources */,
				41226FBA2087AE8800090F74 /* ResetPasswordViewController.swift in Sources */,
				DD399DBA2205B10700028C03 /* NotificationViewController.swift in Sources */,
				DDA941DD216DBDA5002FC154 /* RegisterTableviewController.swift in Sources */,
				DDC59E5521E759F900F653B4 /* FeedViewController.swift in Sources */,
				DD150B3E221DB8370072EF9A /* Shared_notificationViewController.swift in Sources */,
				DD399DD62208366F00028C03 /* ProfileTableViewCell.swift in Sources */,
				DD03DEA021F8AF00008F856B /* ARSceneViewController.swift in Sources */,
				41D87B6F2077AD2A003A868C /* AppDelegate.swift in Sources */,
				DD150B3C221DB44F0072EF9A /* Noti_notificationViewController.swift in Sources */,
				41AD17B4208E2AF500A10CCD /* ProfileViewController.swift in Sources */,
				DD399DAE220432AE00028C03 /* mapkitScaeneViewController.swift in Sources */,
				4190F104208DC0B5005C2FF0 /* TableViewCell.swift in Sources */,
				417D640E208C8DF7003DDD85 /* SWRevealViewController.m in Sources */,
				416F2E4B2085FD78003807D0 /* ConstAlertBox.swift in Sources */,
				41C57B5320902F9D00331EF3 /* ProfilePage2ViewController.swift in Sources */,
				41AD17B6208F1D9200A10CCD /* ProfilePage1ViewController.swift in Sources */,
				41A4CE532087476200B12F47 /* Register_ViewController.swift in Sources */,
				DD399DD42208361100028C03 /* ProfileSceneViewController.swift in Sources */,
				DD399DBD2205BBDE00028C03 /* NoitificationTableViewCell.swift in Sources */,
				DD150B4222200DCB0072EF9A /* DetailViewController.swift in Sources */,
				417D6410208CAE21003DDD85 /* MenubarViewController.swift in Sources */,
				DD4B515B220B023D00F929E0 /* WritePostViewController.swift in Sources */,
				DD150B40221E9B160072EF9A /* QrCodeScannerViewController.swift in Sources */,
				DD03DEA421F8C0CE008F856B /* itemCell.swift in Sources */,
				DD399DDD2209E39A00028C03 /* PostImageableViewCell.swift in Sources */,
				DD150B38221DA3F40072EF9A /* MarketViewController.swift in Sources */,
				DD17E5F5221C4D7B00C4CC06 /* LaunchScreenViewController.swift in Sources */,
				DD399DB62205A0A800028C03 /* shopSceneViewController.swift in Sources */,
			);
			runOnlyForDeploymentPostprocessing = 0;
		};
/* End PBXSourcesBuildPhase section */

/* Begin PBXVariantGroup section */
		DD34573620B2C667006CAA32 /* LaunchScreen.storyboard */ = {
			isa = PBXVariantGroup;
			children = (
				DD34573720B2C667006CAA32 /* Base */,
			);
			name = LaunchScreen.storyboard;
			sourceTree = "<group>";
		};
/* End PBXVariantGroup section */

/* Begin XCBuildConfiguration section */
		41D87B7B2077AD2C003A868C /* Debug */ = {
			isa = XCBuildConfiguration;
			buildSettings = {
				ALWAYS_SEARCH_USER_PATHS = NO;
				CLANG_ANALYZER_NONNULL = YES;
				CLANG_ANALYZER_NUMBER_OBJECT_CONVERSION = YES_AGGRESSIVE;
				CLANG_CXX_LANGUAGE_STANDARD = "gnu++14";
				CLANG_CXX_LIBRARY = "libc++";
				CLANG_ENABLE_MODULES = YES;
				CLANG_ENABLE_OBJC_ARC = YES;
				CLANG_ENABLE_OBJC_WEAK = YES;
				CLANG_WARN_BLOCK_CAPTURE_AUTORELEASING = YES;
				CLANG_WARN_BOOL_CONVERSION = YES;
				CLANG_WARN_COMMA = YES;
				CLANG_WARN_CONSTANT_CONVERSION = YES;
				CLANG_WARN_DEPRECATED_OBJC_IMPLEMENTATIONS = YES;
				CLANG_WARN_DIRECT_OBJC_ISA_USAGE = YES_ERROR;
				CLANG_WARN_DOCUMENTATION_COMMENTS = YES;
				CLANG_WARN_EMPTY_BODY = YES;
				CLANG_WARN_ENUM_CONVERSION = YES;
				CLANG_WARN_INFINITE_RECURSION = YES;
				CLANG_WARN_INT_CONVERSION = YES;
				CLANG_WARN_NON_LITERAL_NULL_CONVERSION = YES;
				CLANG_WARN_OBJC_IMPLICIT_RETAIN_SELF = YES;
				CLANG_WARN_OBJC_LITERAL_CONVERSION = YES;
				CLANG_WARN_OBJC_ROOT_CLASS = YES_ERROR;
				CLANG_WARN_RANGE_LOOP_ANALYSIS = YES;
				CLANG_WARN_STRICT_PROTOTYPES = YES;
				CLANG_WARN_SUSPICIOUS_MOVE = YES;
				CLANG_WARN_UNGUARDED_AVAILABILITY = YES_AGGRESSIVE;
				CLANG_WARN_UNREACHABLE_CODE = YES;
				CLANG_WARN__DUPLICATE_METHOD_MATCH = YES;
				CODE_SIGN_IDENTITY = "iPhone Developer";
				COPY_PHASE_STRIP = NO;
				DEBUG_INFORMATION_FORMAT = dwarf;
				ENABLE_STRICT_OBJC_MSGSEND = YES;
				ENABLE_TESTABILITY = YES;
				GCC_C_LANGUAGE_STANDARD = gnu11;
				GCC_DYNAMIC_NO_PIC = NO;
				GCC_NO_COMMON_BLOCKS = YES;
				GCC_OPTIMIZATION_LEVEL = 0;
				GCC_PREPROCESSOR_DEFINITIONS = (
					"DEBUG=1",
					"$(inherited)",
				);
				GCC_WARN_64_TO_32_BIT_CONVERSION = YES;
				GCC_WARN_ABOUT_RETURN_TYPE = YES_ERROR;
				GCC_WARN_UNDECLARED_SELECTOR = YES;
				GCC_WARN_UNINITIALIZED_AUTOS = YES_AGGRESSIVE;
				GCC_WARN_UNUSED_FUNCTION = YES;
				GCC_WARN_UNUSED_VARIABLE = YES;
				IPHONEOS_DEPLOYMENT_TARGET = 11.3;
				MTL_ENABLE_DEBUG_INFO = YES;
				ONLY_ACTIVE_ARCH = YES;
				SDKROOT = iphoneos;
				SWIFT_ACTIVE_COMPILATION_CONDITIONS = DEBUG;
				SWIFT_OPTIMIZATION_LEVEL = "-Onone";
			};
			name = Debug;
		};
		41D87B7C2077AD2C003A868C /* Release */ = {
			isa = XCBuildConfiguration;
			buildSettings = {
				ALWAYS_SEARCH_USER_PATHS = NO;
				CLANG_ANALYZER_NONNULL = YES;
				CLANG_ANALYZER_NUMBER_OBJECT_CONVERSION = YES_AGGRESSIVE;
				CLANG_CXX_LANGUAGE_STANDARD = "gnu++14";
				CLANG_CXX_LIBRARY = "libc++";
				CLANG_ENABLE_MODULES = YES;
				CLANG_ENABLE_OBJC_ARC = YES;
				CLANG_ENABLE_OBJC_WEAK = YES;
				CLANG_WARN_BLOCK_CAPTURE_AUTORELEASING = YES;
				CLANG_WARN_BOOL_CONVERSION = YES;
				CLANG_WARN_COMMA = YES;
				CLANG_WARN_CONSTANT_CONVERSION = YES;
				CLANG_WARN_DEPRECATED_OBJC_IMPLEMENTATIONS = YES;
				CLANG_WARN_DIRECT_OBJC_ISA_USAGE = YES_ERROR;
				CLANG_WARN_DOCUMENTATION_COMMENTS = YES;
				CLANG_WARN_EMPTY_BODY = YES;
				CLANG_WARN_ENUM_CONVERSION = YES;
				CLANG_WARN_INFINITE_RECURSION = YES;
				CLANG_WARN_INT_CONVERSION = YES;
				CLANG_WARN_NON_LITERAL_NULL_CONVERSION = YES;
				CLANG_WARN_OBJC_IMPLICIT_RETAIN_SELF = YES;
				CLANG_WARN_OBJC_LITERAL_CONVERSION = YES;
				CLANG_WARN_OBJC_ROOT_CLASS = YES_ERROR;
				CLANG_WARN_RANGE_LOOP_ANALYSIS = YES;
				CLANG_WARN_STRICT_PROTOTYPES = YES;
				CLANG_WARN_SUSPICIOUS_MOVE = YES;
				CLANG_WARN_UNGUARDED_AVAILABILITY = YES_AGGRESSIVE;
				CLANG_WARN_UNREACHABLE_CODE = YES;
				CLANG_WARN__DUPLICATE_METHOD_MATCH = YES;
				CODE_SIGN_IDENTITY = "iPhone Developer";
				COPY_PHASE_STRIP = NO;
				DEBUG_INFORMATION_FORMAT = "dwarf-with-dsym";
				ENABLE_NS_ASSERTIONS = NO;
				ENABLE_STRICT_OBJC_MSGSEND = YES;
				GCC_C_LANGUAGE_STANDARD = gnu11;
				GCC_NO_COMMON_BLOCKS = YES;
				GCC_WARN_64_TO_32_BIT_CONVERSION = YES;
				GCC_WARN_ABOUT_RETURN_TYPE = YES_ERROR;
				GCC_WARN_UNDECLARED_SELECTOR = YES;
				GCC_WARN_UNINITIALIZED_AUTOS = YES_AGGRESSIVE;
				GCC_WARN_UNUSED_FUNCTION = YES;
				GCC_WARN_UNUSED_VARIABLE = YES;
				IPHONEOS_DEPLOYMENT_TARGET = 11.3;
				MTL_ENABLE_DEBUG_INFO = NO;
				SDKROOT = iphoneos;
				SWIFT_COMPILATION_MODE = wholemodule;
				SWIFT_OPTIMIZATION_LEVEL = "-O";
				VALIDATE_PRODUCT = YES;
			};
			name = Release;
		};
		41D87B7E2077AD2C003A868C /* Debug */ = {
			isa = XCBuildConfiguration;
			baseConfigurationReference = F7BB698F4E3855CFD011D0A4 /* Pods-U-CITY.debug.xcconfig */;
			buildSettings = {
				ASSETCATALOG_COMPILER_APPICON_NAME = AppIcon;
				CLANG_ENABLE_MODULES = YES;
				CODE_SIGN_IDENTITY = "iPhone Developer";
				CODE_SIGN_STYLE = Automatic;
				DEVELOPMENT_TEAM = 8T2R3GP4S9;
				INFOPLIST_FILE = "U-CITY/Info.plist";
				IPHONEOS_DEPLOYMENT_TARGET = 12.1;
				LD_RUNPATH_SEARCH_PATHS = (
					"$(inherited)",
					"@executable_path/Frameworks",
				);
				PRODUCT_BUNDLE_IDENTIFIER = co.th.srikate.chitchat;
				PRODUCT_NAME = "$(TARGET_NAME)";
				PROVISIONING_PROFILE_SPECIFIER = "";
				SWIFT_OBJC_BRIDGING_HEADER = "U-CITY/U-CITY-Bridging-Header.h";
				SWIFT_OPTIMIZATION_LEVEL = "-Onone";
				SWIFT_VERSION = 4.0;
				TARGETED_DEVICE_FAMILY = "1,2";
			};
			name = Debug;
		};
		41D87B7F2077AD2C003A868C /* Release */ = {
			isa = XCBuildConfiguration;
			baseConfigurationReference = FFB2C202118B47833F0870A2 /* Pods-U-CITY.release.xcconfig */;
			buildSettings = {
				ASSETCATALOG_COMPILER_APPICON_NAME = AppIcon;
				CLANG_ENABLE_MODULES = YES;
				CODE_SIGN_IDENTITY = "iPhone Developer";
				CODE_SIGN_STYLE = Automatic;
				DEVELOPMENT_TEAM = 8T2R3GP4S9;
				INFOPLIST_FILE = "U-CITY/Info.plist";
				IPHONEOS_DEPLOYMENT_TARGET = 12.1;
				LD_RUNPATH_SEARCH_PATHS = (
					"$(inherited)",
					"@executable_path/Frameworks",
				);
				PRODUCT_BUNDLE_IDENTIFIER = co.th.srikate.chitchat;
				PRODUCT_NAME = "$(TARGET_NAME)";
				PROVISIONING_PROFILE_SPECIFIER = "";
				SWIFT_OBJC_BRIDGING_HEADER = "U-CITY/U-CITY-Bridging-Header.h";
				SWIFT_VERSION = 4.0;
				TARGETED_DEVICE_FAMILY = "1,2";
			};
			name = Release;
		};
/* End XCBuildConfiguration section */

/* Begin XCConfigurationList section */
		41D87B662077AD2A003A868C /* Build configuration list for PBXProject "U-CITY" */ = {
			isa = XCConfigurationList;
			buildConfigurations = (
				41D87B7B2077AD2C003A868C /* Debug */,
				41D87B7C2077AD2C003A868C /* Release */,
			);
			defaultConfigurationIsVisible = 0;
			defaultConfigurationName = Release;
		};
		41D87B7D2077AD2C003A868C /* Build configuration list for PBXNativeTarget "U-CITY" */ = {
			isa = XCConfigurationList;
			buildConfigurations = (
				41D87B7E2077AD2C003A868C /* Debug */,
				41D87B7F2077AD2C003A868C /* Release */,
			);
			defaultConfigurationIsVisible = 0;
			defaultConfigurationName = Release;
		};
/* End XCConfigurationList section */
	};
	rootObject = 41D87B632077AD2A003A868C /* Project object */;
}
