PODS:
  - Bolts (1.9.0):
    - Bolts/AppLinks (= 1.9.0)
    - Bolts/Tasks (= 1.9.0)
  - Bolts/AppLinks (1.9.0):
    - Bolts/Tasks
  - Bolts/Tasks (1.9.0)
  - FBSDKCoreKit (4.32.0):
    - Bolts (~> 1.7)
  - FBSDKLoginKit (4.32.0):
    - FBSDKCoreKit
  - Firebase/AdMob (4.11.0):
    - Firebase/Core
    - Google-Mobile-Ads-SDK (= 7.29.0)
  - Firebase/Auth (4.11.0):
    - Firebase/Core
    - FirebaseAuth (= 4.5.0)
  - Firebase/Core (4.11.0):
    - FirebaseAnalytics (= 4.1.0)
    - FirebaseCore (= 4.0.18)
  - Firebase/Database (4.11.0):
    - Firebase/Core
    - FirebaseDatabase (= 4.1.5)
  - Firebase/Messaging (4.11.0):
    - Firebase/Core
    - FirebaseMessaging (= 2.1.1)
  - Firebase/Storage (4.11.0):
    - Firebase/Core
    - FirebaseStorage (= 2.1.3)
  - FirebaseAnalytics (4.1.0):
    - FirebaseCore (~> 4.0)
    - FirebaseInstanceID (~> 2.0)
    - "GoogleToolboxForMac/NSData+zlib (~> 2.1)"
    - nanopb (~> 0.3)
  - FirebaseAuth (4.5.0):
    - FirebaseAnalytics (~> 4.1)
    - "GoogleToolboxForMac/NSDictionary+URLArguments (~> 2.1)"
    - GTMSessionFetcher/Core (~> 1.1)
  - FirebaseCore (4.0.18):
    - "GoogleToolboxForMac/NSData+zlib (~> 2.1)"
  - FirebaseDatabase (4.1.5):
    - FirebaseAnalytics (~> 4.1)
    - FirebaseCore (~> 4.0)
    - leveldb-library (~> 1.18)
  - FirebaseInstanceID (2.0.10):
    - FirebaseCore (~> 4.0)
  - FirebaseMessaging (2.1.1):
    - FirebaseAnalytics (~> 4.1)
    - FirebaseCore (~> 4.0)
    - FirebaseInstanceID (~> 2.0)
    - GoogleToolboxForMac/Logger (~> 2.1)
    - Protobuf (~> 3.5)
  - FirebaseStorage (2.1.3):
    - FirebaseAnalytics (~> 4.1)
    - FirebaseCore (~> 4.0)
    - GTMSessionFetcher/Core (~> 1.1)
  - Google (2.0.4):
    - Google/Core (= 2.0.4)
  - Google-Mobile-Ads-SDK (7.29.0)
  - Google/Core (2.0.4):
    - GoogleInterchangeUtilities (~> 1.0)
    - GoogleNetworkingUtilities (~> 1.0)
    - GoogleSymbolUtilities (~> 1.0)
    - GoogleUtilities (~> 1.1)
  - GoogleInterchangeUtilities (1.2.2):
    - GoogleSymbolUtilities (~> 1.1)
  - GoogleNetworkingUtilities (1.2.2):
    - GoogleSymbolUtilities (~> 1.1)
  - GoogleSignIn (4.1.2):
    - "GoogleToolboxForMac/NSDictionary+URLArguments (~> 2.1)"
    - "GoogleToolboxForMac/NSString+URLArguments (~> 2.1)"
    - GTMOAuth2 (~> 1.0)
    - GTMSessionFetcher/Core (~> 1.1)
  - GoogleSymbolUtilities (1.1.2)
  - GoogleToolboxForMac/DebugUtils (2.1.3):
    - GoogleToolboxForMac/Defines (= 2.1.3)
  - GoogleToolboxForMac/Defines (2.1.3)
  - GoogleToolboxForMac/Logger (2.1.3):
    - GoogleToolboxForMac/Defines (= 2.1.3)
  - "GoogleToolboxForMac/NSData+zlib (2.1.3)":
    - GoogleToolboxForMac/Defines (= 2.1.3)
  - "GoogleToolboxForMac/NSDictionary+URLArguments (2.1.3)":
    - GoogleToolboxForMac/DebugUtils (= 2.1.3)
    - GoogleToolboxForMac/Defines (= 2.1.3)
    - "GoogleToolboxForMac/NSString+URLArguments (= 2.1.3)"
  - "GoogleToolboxForMac/NSString+URLArguments (2.1.3)"
  - GoogleUtilities (1.3.2):
    - GoogleSymbolUtilities (~> 1.1)
  - GTMOAuth2 (1.1.6):
    - GTMSessionFetcher (~> 1.1)
  - GTMSessionFetcher (1.1.15):
    - GTMSessionFetcher/Full (= 1.1.15)
  - GTMSessionFetcher/Core (1.1.15)
  - GTMSessionFetcher/Full (1.1.15):
    - GTMSessionFetcher/Core (= 1.1.15)
  - Kingfisher (4.8.0)
  - leveldb-library (1.20)
  - LineSDK (4.1.1)
  - MaterialComponents/AppBar (55.1.0):
    - MaterialComponents/FlexibleHeader
    - MaterialComponents/HeaderStackView
    - MaterialComponents/NavigationBar
    - MaterialComponents/private/Application
    - MaterialComponents/private/Icons/ic_arrow_back
    - MaterialComponents/private/UIMetrics
    - MaterialComponents/ShadowElevations
    - MaterialComponents/ShadowLayer
    - MaterialComponents/Typography
    - MDFInternationalization
  - MaterialComponents/ButtonBar (55.1.0):
    - MaterialComponents/Buttons
    - MDFInternationalization
  - MaterialComponents/Buttons (55.1.0):
    - MaterialComponents/Ink
    - MaterialComponents/private/Math
    - MaterialComponents/private/Shapes
    - MaterialComponents/ShadowElevations
    - MaterialComponents/ShadowLayer
    - MaterialComponents/Typography
    - MDFInternationalization
    - MDFTextAccessibility
  - MaterialComponents/FlexibleHeader (55.1.0):
    - MaterialComponents/private/Application
    - MaterialComponents/private/UIMetrics
    - MDFTextAccessibility
  - MaterialComponents/HeaderStackView (55.1.0)
  - MaterialComponents/Ink (55.1.0):
    - MaterialComponents/private/Math
  - MaterialComponents/NavigationBar (55.1.0):
    - MaterialComponents/ButtonBar
    - MaterialComponents/private/Math
    - MaterialComponents/Typography
    - MDFInternationalization
    - MDFTextAccessibility
  - MaterialComponents/private/Application (55.1.0)
  - MaterialComponents/private/Icons/Base (55.1.0)
  - MaterialComponents/private/Icons/ic_arrow_back (55.1.0):
    - MaterialComponents/private/Icons/Base
  - MaterialComponents/private/Math (55.1.0)
  - MaterialComponents/private/Shapes (55.1.0):
    - MaterialComponents/private/Math
    - MaterialComponents/ShadowLayer
  - MaterialComponents/private/UIMetrics (55.1.0):
    - MaterialComponents/private/Application
  - MaterialComponents/ShadowElevations (55.1.0)
  - MaterialComponents/ShadowLayer (55.1.0):
    - MaterialComponents/ShadowElevations
  - MaterialComponents/Typography (55.1.0):
    - MaterialComponents/private/Application
  - MDFInternationalization (1.0.4)
  - MDFTextAccessibility (1.2.0)
  - nanopb (0.3.8):
    - nanopb/decode (= 0.3.8)
    - nanopb/encode (= 0.3.8)
  - nanopb/decode (0.3.8)
  - nanopb/encode (0.3.8)
  - Protobuf (3.5.0)

DEPENDENCIES:
  - FBSDKLoginKit
  - Firebase/AdMob
  - Firebase/Auth
  - Firebase/Core
  - Firebase/Database
  - Firebase/Messaging
  - Firebase/Storage
  - Google
  - GoogleSignIn
  - Kingfisher (~> 4.0)
  - LineSDK
  - MaterialComponents/AppBar

SPEC REPOS:
  https://github.com/cocoapods/specs.git:
    - Bolts
    - FBSDKCoreKit
    - FBSDKLoginKit
    - Firebase
    - FirebaseAnalytics
    - FirebaseAuth
    - FirebaseCore
    - FirebaseDatabase
    - FirebaseInstanceID
    - FirebaseMessaging
    - FirebaseStorage
    - Google
    - Google-Mobile-Ads-SDK
    - GoogleInterchangeUtilities
    - GoogleNetworkingUtilities
    - GoogleSignIn
    - GoogleSymbolUtilities
    - GoogleToolboxForMac
    - GoogleUtilities
    - GTMOAuth2
    - GTMSessionFetcher
    - Kingfisher
    - leveldb-library
    - LineSDK
    - MaterialComponents
    - MDFInternationalization
    - MDFTextAccessibility
    - nanopb
    - Protobuf

SPEC CHECKSUMS:
  Bolts: ac6567323eac61e203f6a9763667d0f711be34c8
  FBSDKCoreKit: 55d7f2ac45d9c4b9b6119f4e43900fe84b9b7b1b
  FBSDKLoginKit: 32ac05c2a59952c363c2e85aafa8f73ba93bcbad
  Firebase: cc13dfab1038c8b45d7903e01fc690451d6d0b24
  FirebaseAnalytics: 3dfae28d4a5e06f86c4fae830efc2ad3fadb19bc
  FirebaseAuth: 147bf340a0706b44ca1753d6b41ebafd9687cfe6
  FirebaseCore: b981f47e5254cbcfdeb483355300d743f6fcab2c
  FirebaseDatabase: 5f0bc6134c5c237cf55f9e1249d406770a75eafd
  FirebaseInstanceID: 8d20d890d65c917f9f7d9950b6e10a760ad34321
  FirebaseMessaging: db0e01c52ef7e1f42846431273558107d084ede4
  FirebaseStorage: 9a863a2bb96c406958eeff7c2f1dfa9f44c44a13
  Google: d536877ec602555b755cc28ce6fed104825c693c
  Google-Mobile-Ads-SDK: 375bbb821b3df2106c37b74f6b0a97576ddc5f6b
  GoogleInterchangeUtilities: d5bc4d88d5b661ab72f9d70c58d02ca8c27ad1f7
  GoogleNetworkingUtilities: 3edd3a8161347494f2da60ea0deddc8a472d94cb
  GoogleSignIn: d9ef55b10f0aa401a5de2747f59b725e4b9732ac
  GoogleSymbolUtilities: 631ee17048aa5e9ab133470d768ea997a5ef9b96
  GoogleToolboxForMac: 2501e2ad72a52eb3dfe7bd9aee7dad11b858bd20
  GoogleUtilities: 8bbc733218aad26306f9d4a253823986110e3358
  GTMOAuth2: c77fe325e4acd453837e72d91e3b5f13116857b2
  GTMSessionFetcher: 5fa5b80fd20e439ef5f545fb2cb3ca6c6714caa2
  Kingfisher: 976d828df2b24834c6a3f2fc4d82cdbd26552be1
  leveldb-library: 08cba283675b7ed2d99629a4bc5fd052cd2bb6a5
  LineSDK: 4d0a483f5435e911911810476717417669b5b178
  MaterialComponents: f4cd3085a673837e7ba4c6cf40d9da2f64566af1
  MDFInternationalization: e355b0cebecf53d60233bd267084e49366c82513
  MDFTextAccessibility: 94098925e0853551c5a311ce7c1ecefbe297cdb6
  nanopb: 5601e6bca2dbf1ed831b519092ec110f66982ca3
  Protobuf: 8a9838fba8dae3389230e1b7f8c104aa32389c03

PODFILE CHECKSUM: a1a0b4064d385b4962c2e1ae7c2358325e3cb967

COCOAPODS: 1.5.3
